# Derived from the Gradle lockfile for the published runtime classpath.
# Regenerate with: python3 scripts/gradle_runtime_lockfiles.py --write
com.google.code.gson:gson:2.14.0=releaseRuntimeClasspath
com.google.errorprone:error_prone_annotations:2.48.0=releaseRuntimeClasspath
com.google.protobuf:protobuf-javalite:4.36.2=releaseRuntimeClasspath
com.google.protobuf:protobuf-kotlin-lite:4.36.2=releaseRuntimeClasspath
fr.acinq.secp256k1:secp256k1-kmp-jni-android:0.24.0=releaseRuntimeClasspath
fr.acinq.secp256k1:secp256k1-kmp-jni-common:0.24.0=releaseRuntimeClasspath
fr.acinq.secp256k1:secp256k1-kmp-jvm:0.24.0=releaseRuntimeClasspath
fr.acinq.secp256k1:secp256k1-kmp:0.24.0=releaseRuntimeClasspath
me.really:codec-android:0.3.1=releaseRuntimeClasspath
org.bouncycastle:bcprov-jdk18on:1.86=releaseRuntimeClasspath
org.jetbrains.kotlin:kotlin-stdlib:2.3.10=releaseRuntimeClasspath
org.jetbrains:annotations:13.0=releaseRuntimeClasspath
